
Microsoft Visual Studio Solution File, Format Version 12.00
# Visual Studio Version 17
VisualStudioVersion = 17.11.35312.102
MinimumVisualStudioVersion = 10.0.40219.1
Project("{FAE04EC0-301F-11D3-BF4B-00C04F79EFBC}") = "UI", "UI\UI.csproj", "{7F313D16-C842-4D74-B708-87F575FEF79D}"
EndProject
Project("{FAE04EC0-301F-11D3-BF4B-00C04F79EFBC}") = "BL", "BL\BL.csproj", "{73F94013-D86F-4E03-A94D-DF5ADC830470}"
EndProject
Project("{FAE04EC0-301F-11D3-BF4B-00C04F79EFBC}") = "DAL", "DAL\DAL.csproj", "{0DE61177-3C00-49B3-A2F7-1E10B5005207}"
EndProject
Global
	GlobalSection(SolutionConfigurationPlatforms) = preSolution
		Debug|Any CPU = Debug|Any CPU
		Release|Any CPU = Release|Any CPU
	EndGlobalSection
	GlobalSection(ProjectConfigurationPlatforms) = postSolution
		{7F313D16-C842-4D74-B708-87F575FEF79D}.Debug|Any CPU.ActiveCfg = Debug|Any CPU
		{7F313D16-C842-4D74-B708-87F575FEF79D}.Debug|Any CPU.Build.0 = Debug|Any CPU
		{7F313D16-C842-4D74-B708-87F575FEF79D}.Release|Any CPU.ActiveCfg = Release|Any CPU
		{7F313D16-C842-4D74-B708-87F575FEF79D}.Release|Any CPU.Build.0 = Release|Any CPU
		{73F94013-D86F-4E03-A94D-DF5ADC830470}.Debug|Any CPU.ActiveCfg = Debug|Any CPU
		{73F94013-D86F-4E03-A94D-DF5ADC830470}.Debug|Any CPU.Build.0 = Debug|Any CPU
		{73F94013-D86F-4E03-A94D-DF5ADC830470}.Release|Any CPU.ActiveCfg = Release|Any CPU
		{73F94013-D86F-4E03-A94D-DF5ADC830470}.Release|Any CPU.Build.0 = Release|Any CPU
		{0DE61177-3C00-49B3-A2F7-1E10B5005207}.Debug|Any CPU.ActiveCfg = Debug|Any CPU
		{0DE61177-3C00-49B3-A2F7-1E10B5005207}.Debug|Any CPU.Build.0 = Debug|Any CPU
		{0DE61177-3C00-49B3-A2F7-1E10B5005207}.Release|Any CPU.ActiveCfg = Release|Any CPU
		{0DE61177-3C00-49B3-A2F7-1E10B5005207}.Release|Any CPU.Build.0 = Release|Any CPU
	EndGlobalSection
	GlobalSection(SolutionProperties) = preSolution
		HideSolutionNode = FALSE
	EndGlobalSection
	GlobalSection(ExtensibilityGlobals) = postSolution
		SolutionGuid = {5D3B380F-8E45-4627-92EA-001E8A0B6885}
	EndGlobalSection
EndGlobal
